
Microsoft Visual Studio Solution File, Format Version 12.00
# Visual Studio 2012
Project("{FAE04EC0-301F-11D3-BF4B-00C04F79EFBC}") = "umbracoMachineTest", "umbracoMachineTest.csproj", "{EE3D5602-FAA1-4E46-BB00-81B340E8E036}"
EndProject
Global
	GlobalSection(SolutionConfigurationPlatforms) = preSolution
		Debug|Any CPU = Debug|Any CPU
		Release|Any CPU = Release|Any CPU
	EndGlobalSection
	GlobalSection(ProjectConfigurationPlatforms) = postSolution
		{EE3D5602-FAA1-4E46-BB00-81B340E8E036}.Debug|Any CPU.ActiveCfg = Debug|Any CPU
		{EE3D5602-FAA1-4E46-BB00-81B340E8E036}.Debug|Any CPU.Build.0 = Debug|Any CPU
		{EE3D5602-FAA1-4E46-BB00-81B340E8E036}.Release|Any CPU.ActiveCfg = Release|Any CPU
		{EE3D5602-FAA1-4E46-BB00-81B340E8E036}.Release|Any CPU.Build.0 = Release|Any CPU
	EndGlobalSection
	GlobalSection(SolutionProperties) = preSolution
		HideSolutionNode = FALSE
	EndGlobalSection
EndGlobal
